<?xml version="1.0" encoding="utf-8"?>
<Project ToolsVersion="4.0" xmlns="http://schemas.microsoft.com/developer/msbuild/2003">
  <ItemGroup>
    <Filter Include="Source Files">
      <UniqueIdentifier>{4FC737F1-C7A5-4376-A066-2A32D752A2FF}</UniqueIdentifier>
      <Extensions>cpp;c;cc;cxx;def;odl;idl;hpj;bat;asm;asmx</Extensions>
    </Filter>
    <Filter Include="Header Files">
      <UniqueIdentifier>{93995380-89BD-4b04-88EB-625FBE52EBFB}</UniqueIdentifier>
      <Extensions>h;hh;hpp;hxx;hm;inl;inc;xsd</Extensions>
    </Filter>
    <Filter Include="Resource Files">
      <UniqueIdentifier>{67DA6AB6-F800-4c08-8B7A-83BB121AAD01}</UniqueIdentifier>
      <Extensions>rc;ico;cur;bmp;dlg;rc2;rct;bin;rgs;gif;jpg;jpeg;jpe;resx;tiff;tif;png;wav;mfcribbon-ms</Extensions>
    </Filter>
    <Filter Include="Recast">
      <UniqueIdentifier>{5c35ca2d-05ee-425c-a597-307fe0e954e3}</UniqueIdentifier>
    </Filter>
    <Filter Include="Recast\Headers">
      <UniqueIdentifier>{1af96b33-c3d1-48e3-9113-7c53e21bfca3}</UniqueIdentifier>
    </Filter>
    <Filter Include="Recast\Source">
      <UniqueIdentifier>{290c10fa-5a8b-4011-accb-e959d0699310}</UniqueIdentifier>
    </Filter>
    <Filter Include="RecastWrapper">
      <UniqueIdentifier>{ca504727-fac1-4d61-9665-d57fe819b4b0}</UniqueIdentifier>
    </Filter>
    <Filter Include="RecastWrapper\Headers">
      <UniqueIdentifier>{24f3cd51-994c-413c-8445-a7cb57eea4bb}</UniqueIdentifier>
    </Filter>
    <Filter Include="RecastWrapper\Source">
      <UniqueIdentifier>{aed6b4bb-be8e-468f-a4ab-cbf11d21f815}</UniqueIdentifier>
    </Filter>
  </ItemGroup>
  <ItemGroup>
    <ClInclude Include="Stdafx.h">
      <Filter>Header Files</Filter>
    </ClInclude>
    <ClInclude Include="resource.h">
      <Filter>Header Files</Filter>
    </ClInclude>
    <ClInclude Include="Recast\Headers\Recast.h">
      <Filter>Recast\Headers</Filter>
    </ClInclude>
    <ClInclude Include="Recast\Headers\RecastAlloc.h">
      <Filter>Recast\Headers</Filter>
    </ClInclude>
    <ClInclude Include="Recast\Headers\RecastAssert.h">
      <Filter>Recast\Headers</Filter>
    </ClInclude>
    <ClInclude Include="RecastBuilder.h">
      <Filter>RecastWrapper\Headers</Filter>
    </ClInclude>
    <ClInclude Include="RecastStructs.h">
      <Filter>RecastWrapper\Headers</Filter>
    </ClInclude>
    <ClInclude Include="RecastSharp.h">
      <Filter>RecastWrapper\Headers</Filter>
    </ClInclude>
    <ClInclude Include="HeightField.h">
      <Filter>RecastWrapper\Headers</Filter>
    </ClInclude>
    <ClInclude Include="CompactHeightField.h">
      <Filter>RecastWrapper\Headers</Filter>
    </ClInclude>
    <ClInclude Include="ContourSet.h">
      <Filter>RecastWrapper\Headers</Filter>
    </ClInclude>
    <ClInclude Include="PolyMesh.h">
      <Filter>RecastWrapper\Headers</Filter>
    </ClInclude>
    <ClInclude Include="PolyMeshDetail.h">
      <Filter>RecastWrapper\Headers</Filter>
    </ClInclude>
  </ItemGroup>
  <ItemGroup>
    <ClCompile Include="RecastSharp.cpp">
      <Filter>Source Files</Filter>
    </ClCompile>
    <ClCompile Include="AssemblyInfo.cpp">
      <Filter>Source Files</Filter>
    </ClCompile>
    <ClCompile Include="Stdafx.cpp">
      <Filter>Source Files</Filter>
    </ClCompile>
    <ClCompile Include="Recast\Source\Recast.cpp">
      <Filter>Recast\Source</Filter>
    </ClCompile>
    <ClCompile Include="Recast\Source\RecastAlloc.cpp">
      <Filter>Recast\Source</Filter>
    </ClCompile>
    <ClCompile Include="Recast\Source\RecastArea.cpp">
      <Filter>Recast\Source</Filter>
    </ClCompile>
    <ClCompile Include="Recast\Source\RecastContour.cpp">
      <Filter>Recast\Source</Filter>
    </ClCompile>
    <ClCompile Include="Recast\Source\RecastFilter.cpp">
      <Filter>Recast\Source</Filter>
    </ClCompile>
    <ClCompile Include="Recast\Source\RecastLayers.cpp">
      <Filter>Recast\Source</Filter>
    </ClCompile>
    <ClCompile Include="Recast\Source\RecastMesh.cpp">
      <Filter>Recast\Source</Filter>
    </ClCompile>
    <ClCompile Include="Recast\Source\RecastMeshDetail.cpp">
      <Filter>Recast\Source</Filter>
    </ClCompile>
    <ClCompile Include="Recast\Source\RecastRasterization.cpp">
      <Filter>Recast\Source</Filter>
    </ClCompile>
    <ClCompile Include="Recast\Source\RecastRegion.cpp">
      <Filter>Recast\Source</Filter>
    </ClCompile>
    <ClCompile Include="RecastBuilder.cpp">
      <Filter>RecastWrapper\Source</Filter>
    </ClCompile>
  </ItemGroup>
  <ItemGroup>
    <Text Include="ReadMe.txt" />
  </ItemGroup>
  <ItemGroup>
    <ResourceCompile Include="app.rc">
      <Filter>Resource Files</Filter>
    </ResourceCompile>
  </ItemGroup>
  <ItemGroup>
    <Image Include="app.ico">
      <Filter>Resource Files</Filter>
    </Image>
  </ItemGroup>
</Project>